lockfileVersion: '9.0'

settings:
  autoInstallPeers: true
  excludeLinksFromLockfile: false

importers:

  .:
    dependencies:
      iceberg-js:
        specifier: ^0.5.2
        version: 0.5.2
    devDependencies:
      '@types/node':
        specifier: ^24.10.1
        version: 24.10.1

packages:

  '@types/node@24.10.1':
    resolution: {integrity: sha512-GNWcUTRBgIRJD5zj+Tq0fKOJ5XZajIiBroOF0yvj2bSU1WvNdYS/dn9UxwsujGW4JX06dnHyjV2y9rRaybH0iQ==}

  iceberg-js@0.5.2:
    resolution: {integrity: sha512-CzEsXvdcqOEWAGUsedWZ95IeLIJ7BTlJsE+fMuXck9KafaX6hvsVepUzZoMC2sI+AHT4cF8s6TrBj+TLSOGDYA==}
    engines: {node: '>=20.0.0'}

  undici-types@7.16.0:
    resolution: {integrity: sha512-Zz+aZWSj8LE6zoxD+xrjh4VfkIG8Ya6LvYkZqtUQGJPZjYl53ypCaUwWqo7eI0x66KBGeRo+mlBEkMSeSZ38Nw==}

snapshots:

  '@types/node@24.10.1':
    dependencies:
      undici-types: 7.16.0

  iceberg-js@0.5.2: {}

  undici-types@7.16.0: {}
